// !$*UTF8*$!
{
	archiveVersion = 1;
	classes = {
	};
	objectVersion = 56;
	objects = {

/* Begin PBXBuildFile section */
		83251CCC296517A500FFCBA9 /* LandmarksApp.swift in Sources */ = {isa = PBXBuildFile; fileRef = 83251CCB296517A500FFCBA9 /* LandmarksApp.swift */; };
		83251CCE296517A500FFCBA9 /* ContentView.swift in Sources */ = {isa = PBXBuildFile; fileRef = 83251CCD296517A500FFCBA9 /* ContentView.swift */; };
		83251CD0296517A600FFCBA9 /* Assets.xcassets in Resources */ = {isa = PBXBuildFile; fileRef = 83251CCF296517A600FFCBA9 /* Assets.xcassets */; };
		83251CD3296517A600FFCBA9 /* Preview Assets.xcassets in Resources */ = {isa = PBXBuildFile; fileRef = 83251CD2296517A600FFCBA9 /* Preview Assets.xcassets */; };
		83251CDA29651F6600FFCBA9 /* CircleImage.swift in Sources */ = {isa = PBXBuildFile; fileRef = 83251CD929651F6600FFCBA9 /* CircleImage.swift */; };
		83251CDC296521E600FFCBA9 /* MapView.swift in Sources */ = {isa = PBXBuildFile; fileRef = 83251CDB296521E600FFCBA9 /* MapView.swift */; };
		83251CDE2965272700FFCBA9 /* landmarkData.json in Resources */ = {isa = PBXBuildFile; fileRef = 83251CDD2965272700FFCBA9 /* landmarkData.json */; };
		83251CE02965274B00FFCBA9 /* Landmark.swift in Sources */ = {isa = PBXBuildFile; fileRef = 83251CDF2965274B00FFCBA9 /* Landmark.swift */; };
		83251CE22965294000FFCBA9 /* ModelData.swift in Sources */ = {isa = PBXBuildFile; fileRef = 83251CE12965294000FFCBA9 /* ModelData.swift */; };
		83251CE829652A7500FFCBA9 /* LandmarkRow.swift in Sources */ = {isa = PBXBuildFile; fileRef = 83251CE729652A7500FFCBA9 /* LandmarkRow.swift */; };
		832CC6052967BE610025E90E /* LandmarkList.swift in Sources */ = {isa = PBXBuildFile; fileRef = 832CC6042967BE610025E90E /* LandmarkList.swift */; };
		832CC6072967BFD20025E90E /* LandmarkDetail.swift in Sources */ = {isa = PBXBuildFile; fileRef = 832CC6062967BFD20025E90E /* LandmarkDetail.swift */; };
		83C1EDA4296E5A1200831851 /* FavoriteButton.swift in Sources */ = {isa = PBXBuildFile; fileRef = 83C1EDA3296E5A1200831851 /* FavoriteButton.swift */; };
/* End PBXBuildFile section */

/* Begin PBXFileReference section */
		83251CC8296517A500FFCBA9 /* Landmarks.app */ = {isa = PBXFileReference; explicitFileType = wrapper.application; includeInIndex = 0; path = Landmarks.app; sourceTree = BUILT_PRODUCTS_DIR; };
		83251CCB296517A500FFCBA9 /* LandmarksApp.swift */ = {isa = PBXFileReference; lastKnownFileType = sourcecode.swift; path = LandmarksApp.swift; sourceTree = "<group>"; };
		83251CCD296517A500FFCBA9 /* ContentView.swift */ = {isa = PBXFileReference; lastKnownFileType = sourcecode.swift; path = ContentView.swift; sourceTree = "<group>"; };
		83251CCF296517A600FFCBA9 /* Assets.xcassets */ = {isa = PBXFileReference; lastKnownFileType = folder.assetcatalog; path = Assets.xcassets; sourceTree = "<group>"; };
		83251CD2296517A600FFCBA9 /* Preview Assets.xcassets */ = {isa = PBXFileReference; lastKnownFileType = folder.assetcatalog; path = "Preview Assets.xcassets"; sourceTree = "<group>"; };
		83251CD929651F6600FFCBA9 /* CircleImage.swift */ = {isa = PBXFileReference; lastKnownFileType = sourcecode.swift; path = CircleImage.swift; sourceTree = "<group>"; };
		83251CDB296521E600FFCBA9 /* MapView.swift */ = {isa = PBXFileReference; lastKnownFileType = sourcecode.swift; path = MapView.swift; sourceTree = "<group>"; };
		83251CDD2965272700FFCBA9 /* landmarkData.json */ = {isa = PBXFileReference; fileEncoding = 4; lastKnownFileType = text.json; path = landmarkData.json; sourceTree = "<group>"; };
		83251CDF2965274B00FFCBA9 /* Landmark.swift */ = {isa = PBXFileReference; lastKnownFileType = sourcecode.swift; path = Landmark.swift; sourceTree = "<group>"; };
		83251CE12965294000FFCBA9 /* ModelData.swift */ = {isa = PBXFileReference; lastKnownFileType = sourcecode.swift; path = ModelData.swift; sourceTree = "<group>"; };
		83251CE729652A7500FFCBA9 /* LandmarkRow.swift */ = {isa = PBXFileReference; lastKnownFileType = sourcecode.swift; path = LandmarkRow.swift; sourceTree = "<group>"; };
		832CC6042967BE610025E90E /* LandmarkList.swift */ = {isa = PBXFileReference; lastKnownFileType = sourcecode.swift; name = LandmarkList.swift; path = Landmarks/Views/Landmarks/LandmarkList.swift; sourceTree = SOURCE_ROOT; };
		832CC6062967BFD20025E90E /* LandmarkDetail.swift */ = {isa = PBXFileReference; lastKnownFileType = sourcecode.swift; path = LandmarkDetail.swift; sourceTree = "<group>"; };
		83C1EDA3296E5A1200831851 /* FavoriteButton.swift */ = {isa = PBXFileReference; lastKnownFileType = sourcecode.swift; path = FavoriteButton.swift; sourceTree = "<group>"; };
/* End PBXFileReference section */

/* Begin PBXFrameworksBuildPhase section */
		83251CC5296517A500FFCBA9 /* Frameworks */ = {
			isa = PBXFrameworksBuildPhase;
			buildActionMask = 2147483647;
			files = (
			);
			runOnlyForDeploymentPostprocessing = 0;
		};
/* End PBXFrameworksBuildPhase section */

/* Begin PBXGroup section */
		83251CBF296517A500FFCBA9 = {
			isa = PBXGroup;
			children = (
				83251CCA296517A500FFCBA9 /* Landmarks */,
				83251CC9296517A500FFCBA9 /* Products */,
			);
			sourceTree = "<group>";
		};
		83251CC9296517A500FFCBA9 /* Products */ = {
			isa = PBXGroup;
			children = (
				83251CC8296517A500FFCBA9 /* Landmarks.app */,
			);
			name = Products;
			sourceTree = "<group>";
		};
		83251CCA296517A500FFCBA9 /* Landmarks */ = {
			isa = PBXGroup;
			children = (
				83251CCF296517A600FFCBA9 /* Assets.xcassets */,
				83251CCB296517A500FFCBA9 /* LandmarksApp.swift */,
				83251CE4296529CD00FFCBA9 /* Views */,
				83251CE5296529E200FFCBA9 /* Model */,
				83251CE6296529FA00FFCBA9 /* Resources */,
				83251CD1296517A600FFCBA9 /* Preview Content */,
			);
			path = Landmarks;
			sourceTree = "<group>";
		};
		83251CD1296517A600FFCBA9 /* Preview Content */ = {
			isa = PBXGroup;
			children = (
				83251CD2296517A600FFCBA9 /* Preview Assets.xcassets */,
			);
			path = "Preview Content";
			sourceTree = "<group>";
		};
		83251CE4296529CD00FFCBA9 /* Views */ = {
			isa = PBXGroup;
			children = (
				83251CCD296517A500FFCBA9 /* ContentView.swift */,
				83C1EDA5296E5AF900831851 /* Landmarks */,
				83C1EDA6296E5B0E00831851 /* Helpers */,
			);
			path = Views;
			sourceTree = "<group>";
		};
		83251CE5296529E200FFCBA9 /* Model */ = {
			isa = PBXGroup;
			children = (
				83251CE12965294000FFCBA9 /* ModelData.swift */,
				83251CDF2965274B00FFCBA9 /* Landmark.swift */,
			);
			path = Model;
			sourceTree = "<group>";
		};
		83251CE6296529FA00FFCBA9 /* Resources */ = {
			isa = PBXGroup;
			children = (
				83251CDD2965272700FFCBA9 /* landmarkData.json */,
			);
			path = Resources;
			sourceTree = "<group>";
		};
		83C1EDA5296E5AF900831851 /* Landmarks */ = {
			isa = PBXGroup;
			children = (
				832CC6042967BE610025E90E /* LandmarkList.swift */,
				83251CE729652A7500FFCBA9 /* LandmarkRow.swift */,
				832CC6062967BFD20025E90E /* LandmarkDetail.swift */,
			);
			path = Landmarks;
			sourceTree = "<group>";
		};
		83C1EDA6296E5B0E00831851 /* Helpers */ = {
			isa = PBXGroup;
			children = (
				83251CD929651F6600FFCBA9 /* CircleImage.swift */,
				83251CDB296521E600FFCBA9 /* MapView.swift */,
				83C1EDA3296E5A1200831851 /* FavoriteButton.swift */,
			);
			path = Helpers;
			sourceTree = "<group>";
		};
/* End PBXGroup section */

/* Begin PBXNativeTarget section */
		83251CC7296517A500FFCBA9 /* Landmarks */ = {
			isa = PBXNativeTarget;
			buildConfigurationList = 83251CD6296517A600FFCBA9 /* Build configuration list for PBXNativeTarget "Landmarks" */;
			buildPhases = (
				83251CC4296517A500FFCBA9 /* Sources */,
				83251CC5296517A500FFCBA9 /* Frameworks */,
				83251CC6296517A500FFCBA9 /* Resources */,
			);
			buildRules = (
			);
			dependencies = (
			);
			name = Landmarks;
			productName = Landmarks;
			productReference = 83251CC8296517A500FFCBA9 /* Landmarks.app */;
			productType = "com.apple.product-type.application";
		};
/* End PBXNativeTarget section */

/* Begin PBXProject section */
		83251CC0296517A500FFCBA9 /* Project object */ = {
			isa = PBXProject;
			attributes = {
				BuildIndependentTargetsInParallel = 1;
				LastSwiftUpdateCheck = 1410;
				LastUpgradeCheck = 1410;
				TargetAttributes = {
					83251CC7296517A500FFCBA9 = {
						CreatedOnToolsVersion = 14.1;
					};
				};
			};
			buildConfigurationList = 83251CC3296517A500FFCBA9 /* Build configuration list for PBXProject "Landmarks" */;
			compatibilityVersion = "Xcode 14.0";
			developmentRegion = en;
			hasScannedForEncodings = 0;
			knownRegions = (
				en,
				Base,
			);
			mainGroup = 83251CBF296517A500FFCBA9;
			productRefGroup = 83251CC9296517A500FFCBA9 /* Products */;
			projectDirPath = "";
			projectRoot = "";
			targets = (
				83251CC7296517A500FFCBA9 /* Landmarks */,
			);
		};
/* End PBXProject section */

/* Begin PBXResourcesBuildPhase section */
		83251CC6296517A500FFCBA9 /* Resources */ = {
			isa = PBXResourcesBuildPhase;
			buildActionMask = 2147483647;
			files = (
				83251CD3296517A600FFCBA9 /* Preview Assets.xcassets in Resources */,
				83251CD0296517A600FFCBA9 /* Assets.xcassets in Resources */,
				83251CDE2965272700FFCBA9 /* landmarkData.json in Resources */,
			);
			runOnlyForDeploymentPostprocessing = 0;
		};
/* End PBXResourcesBuildPhase section */

/* Begin PBXSourcesBuildPhase section */
		83251CC4296517A500FFCBA9 /* Sources */ = {
			isa = PBXSourcesBuildPhase;
			buildActionMask = 2147483647;
			files = (
				83251CCE296517A500FFCBA9 /* ContentView.swift in Sources */,
				83251CDC296521E600FFCBA9 /* MapView.swift in Sources */,
				83251CCC296517A500FFCBA9 /* LandmarksApp.swift in Sources */,
				83C1EDA4296E5A1200831851 /* FavoriteButton.swift in Sources */,
				832CC6052967BE610025E90E /* LandmarkList.swift in Sources */,
				832CC6072967BFD20025E90E /* LandmarkDetail.swift in Sources */,
				83251CDA29651F6600FFCBA9 /* CircleImage.swift in Sources */,
				83251CE02965274B00FFCBA9 /* Landmark.swift in Sources */,
				83251CE829652A7500FFCBA9 /* LandmarkRow.swift in Sources */,
				83251CE22965294000FFCBA9 /* ModelData.swift in Sources */,
			);
			runOnlyForDeploymentPostprocessing = 0;
		};
/* End PBXSourcesBuildPhase section */

/* Begin XCBuildConfiguration section */
		83251CD4296517A600FFCBA9 /* Debug */ = {
			isa = XCBuildConfiguration;
			buildSettings = {
				ALWAYS_SEARCH_USER_PATHS = NO;
				CLANG_ANALYZER_NONNULL = YES;
				CLANG_ANALYZER_NUMBER_OBJECT_CONVERSION = YES_AGGRESSIVE;
				CLANG_CXX_LANGUAGE_STANDARD = "gnu++20";
				CLANG_ENABLE_MODULES = YES;
				CLANG_ENABLE_OBJC_ARC = YES;
				CLANG_ENABLE_OBJC_WEAK = YES;
				CLANG_WARN_BLOCK_CAPTURE_AUTORELEASING = YES;
				CLANG_WARN_BOOL_CONVERSION = YES;
				CLANG_WARN_COMMA = YES;
				CLANG_WARN_CONSTANT_CONVERSION = YES;
				CLANG_WARN_DEPRECATED_OBJC_IMPLEMENTATIONS = YES;
				CLANG_WARN_DIRECT_OBJC_ISA_USAGE = YES_ERROR;
				CLANG_WARN_DOCUMENTATION_COMMENTS = YES;
				CLANG_WARN_EMPTY_BODY = YES;
				CLANG_WARN_ENUM_CONVERSION = YES;
				CLANG_WARN_INFINITE_RECURSION = YES;
				CLANG_WARN_INT_CONVERSION = YES;
				CLANG_WARN_NON_LITERAL_NULL_CONVERSION = YES;
				CLANG_WARN_OBJC_IMPLICIT_RETAIN_SELF = YES;
				CLANG_WARN_OBJC_LITERAL_CONVERSION = YES;
				CLANG_WARN_OBJC_ROOT_CLASS = YES_ERROR;
				CLANG_WARN_QUOTED_INCLUDE_IN_FRAMEWORK_HEADER = YES;
				CLANG_WARN_RANGE_LOOP_ANALYSIS = YES;
				CLANG_WARN_STRICT_PROTOTYPES = YES;
				CLANG_WARN_SUSPICIOUS_MOVE = YES;
				CLANG_WARN_UNGUARDED_AVAILABILITY = YES_AGGRESSIVE;
				CLANG_WARN_UNREACHABLE_CODE = YES;
				CLANG_WARN__DUPLICATE_METHOD_MATCH = YES;
				COPY_PHASE_STRIP = NO;
				DEBUG_INFORMATION_FORMAT = dwarf;
				ENABLE_STRICT_OBJC_MSGSEND = YES;
				ENABLE_TESTABILITY = YES;
				GCC_C_LANGUAGE_STANDARD = gnu11;
				GCC_DYNAMIC_NO_PIC = NO;
				GCC_NO_COMMON_BLOCKS = YES;
				GCC_OPTIMIZATION_LEVEL = 0;
				GCC_PREPROCESSOR_DEFINITIONS = (
					"DEBUG=1",
					"$(inherited)",
				);
				GCC_WARN_64_TO_32_BIT_CONVERSION = YES;
				GCC_WARN_ABOUT_RETURN_TYPE = YES_ERROR;
				GCC_WARN_UNDECLARED_SELECTOR = YES;
				GCC_WARN_UNINITIALIZED_AUTOS = YES_AGGRESSIVE;
				GCC_WARN_UNUSED_FUNCTION = YES;
				GCC_WARN_UNUSED_VARIABLE = YES;
				IPHONEOS_DEPLOYMENT_TARGET = 16.1;
				MTL_ENABLE_DEBUG_INFO = INCLUDE_SOURCE;
				MTL_FAST_MATH = YES;
				ONLY_ACTIVE_ARCH = YES;
				SDKROOT = iphoneos;
				SWIFT_ACTIVE_COMPILATION_CONDITIONS = DEBUG;
				SWIFT_OPTIMIZATION_LEVEL = "-Onone";
			};
			name = Debug;
		};
		83251CD5296517A600FFCBA9 /* Release */ = {
			isa = XCBuildConfiguration;
			buildSettings = {
				ALWAYS_SEARCH_USER_PATHS = NO;
				CLANG_ANALYZER_NONNULL = YES;
				CLANG_ANALYZER_NUMBER_OBJECT_CONVERSION = YES_AGGRESSIVE;
				CLANG_CXX_LANGUAGE_STANDARD = "gnu++20";
				CLANG_ENABLE_MODULES = YES;
				CLANG_ENABLE_OBJC_ARC = YES;
				CLANG_ENABLE_OBJC_WEAK = YES;
				CLANG_WARN_BLOCK_CAPTURE_AUTORELEASING = YES;
				CLANG_WARN_BOOL_CONVERSION = YES;
				CLANG_WARN_COMMA = YES;
				CLANG_WARN_CONSTANT_CONVERSION = YES;
				CLANG_WARN_DEPRECATED_OBJC_IMPLEMENTATIONS = YES;
				CLANG_WARN_DIRECT_OBJC_ISA_USAGE = YES_ERROR;
				CLANG_WARN_DOCUMENTATION_COMMENTS = YES;
				CLANG_WARN_EMPTY_BODY = YES;
				CLANG_WARN_ENUM_CONVERSION = YES;
				CLANG_WARN_INFINITE_RECURSION = YES;
				CLANG_WARN_INT_CONVERSION = YES;
				CLANG_WARN_NON_LITERAL_NULL_CONVERSION = YES;
				CLANG_WARN_OBJC_IMPLICIT_RETAIN_SELF = YES;
				CLANG_WARN_OBJC_LITERAL_CONVERSION = YES;
				CLANG_WARN_OBJC_ROOT_CLASS = YES_ERROR;
				CLANG_WARN_QUOTED_INCLUDE_IN_FRAMEWORK_HEADER = YES;
				CLANG_WARN_RANGE_LOOP_ANALYSIS = YES;
				CLANG_WARN_STRICT_PROTOTYPES = YES;
				CLANG_WARN_SUSPICIOUS_MOVE = YES;
				CLANG_WARN_UNGUARDED_AVAILABILITY = YES_AGGRESSIVE;
				CLANG_WARN_UNREACHABLE_CODE = YES;
				CLANG_WARN__DUPLICATE_METHOD_MATCH = YES;
				COPY_PHASE_STRIP = NO;
				DEBUG_INFORMATION_FORMAT = "dwarf-with-dsym";
				ENABLE_NS_ASSERTIONS = NO;
				ENABLE_STRICT_OBJC_MSGSEND = YES;
				GCC_C_LANGUAGE_STANDARD = gnu11;
				GCC_NO_COMMON_BLOCKS = YES;
				GCC_WARN_64_TO_32_BIT_CONVERSION = YES;
				GCC_WARN_ABOUT_RETURN_TYPE = YES_ERROR;
				GCC_WARN_UNDECLARED_SELECTOR = YES;
				GCC_WARN_UNINITIALIZED_AUTOS = YES_AGGRESSIVE;
				GCC_WARN_UNUSED_FUNCTION = YES;
				GCC_WARN_UNUSED_VARIABLE = YES;
				IPHONEOS_DEPLOYMENT_TARGET = 16.1;
				MTL_ENABLE_DEBUG_INFO = NO;
				MTL_FAST_MATH = YES;
				SDKROOT = iphoneos;
				SWIFT_COMPILATION_MODE = wholemodule;
				SWIFT_OPTIMIZATION_LEVEL = "-O";
				VALIDATE_PRODUCT = YES;
			};
			name = Release;
		};
		83251CD7296517A600FFCBA9 /* Debug */ = {
			isa = XCBuildConfiguration;
			buildSettings = {
				ASSETCATALOG_COMPILER_APPICON_NAME = AppIcon;
				ASSETCATALOG_COMPILER_GLOBAL_ACCENT_COLOR_NAME = AccentColor;
				CODE_SIGN_STYLE = Automatic;
				CURRENT_PROJECT_VERSION = 1;
				DEVELOPMENT_ASSET_PATHS = "\"Landmarks/Preview Content\"";
				ENABLE_PREVIEWS = YES;
				GENERATE_INFOPLIST_FILE = YES;
				INFOPLIST_KEY_UIApplicationSceneManifest_Generation = YES;
				INFOPLIST_KEY_UIApplicationSupportsIndirectInputEvents = YES;
				INFOPLIST_KEY_UILaunchScreen_Generation = YES;
				INFOPLIST_KEY_UISupportedInterfaceOrientations_iPad = "UIInterfaceOrientationPortrait UIInterfaceOrientationPortraitUpsideDown UIInterfaceOrientationLandscapeLeft UIInterfaceOrientationLandscapeRight";
				INFOPLIST_KEY_UISupportedInterfaceOrientations_iPhone = "UIInterfaceOrientationPortrait UIInterfaceOrientationLandscapeLeft UIInterfaceOrientationLandscapeRight";
				LD_RUNPATH_SEARCH_PATHS = (
					"$(inherited)",
					"@executable_path/Frameworks",
				);
				MARKETING_VERSION = 1.0;
				PRODUCT_BUNDLE_IDENTIFIER = "com.example.apple-samplecode.Landmarks";
				PRODUCT_NAME = "$(TARGET_NAME)";
				SWIFT_EMIT_LOC_STRINGS = YES;
				SWIFT_VERSION = 5.0;
				TARGETED_DEVICE_FAMILY = "1,2";
			};
			name = Debug;
		};
		83251CD8296517A600FFCBA9 /* Release */ = {
			isa = XCBuildConfiguration;
			buildSettings = {
				ASSETCATALOG_COMPILER_APPICON_NAME = AppIcon;
				ASSETCATALOG_COMPILER_GLOBAL_ACCENT_COLOR_NAME = AccentColor;
				CODE_SIGN_STYLE = Automatic;
				CURRENT_PROJECT_VERSION = 1;
				DEVELOPMENT_ASSET_PATHS = "\"Landmarks/Preview Content\"";
				ENABLE_PREVIEWS = YES;
				GENERATE_INFOPLIST_FILE = YES;
				INFOPLIST_KEY_UIApplicationSceneManifest_Generation = YES;
				INFOPLIST_KEY_UIApplicationSupportsIndirectInputEvents = YES;
				INFOPLIST_KEY_UILaunchScreen_Generation = YES;
				INFOPLIST_KEY_UISupportedInterfaceOrientations_iPad = "UIInterfaceOrientationPortrait UIInterfaceOrientationPortraitUpsideDown UIInterfaceOrientationLandscapeLeft UIInterfaceOrientationLandscapeRight";
				INFOPLIST_KEY_UISupportedInterfaceOrientations_iPhone = "UIInterfaceOrientationPortrait UIInterfaceOrientationLandscapeLeft UIInterfaceOrientationLandscapeRight";
				LD_RUNPATH_SEARCH_PATHS = (
					"$(inherited)",
					"@executable_path/Frameworks",
				);
				MARKETING_VERSION = 1.0;
				PRODUCT_BUNDLE_IDENTIFIER = "com.example.apple-samplecode.Landmarks";
				PRODUCT_NAME = "$(TARGET_NAME)";
				SWIFT_EMIT_LOC_STRINGS = YES;
				SWIFT_VERSION = 5.0;
				TARGETED_DEVICE_FAMILY = "1,2";
			};
			name = Release;
		};
/* End XCBuildConfiguration section */

/* Begin XCConfigurationList section */
		83251CC3296517A500FFCBA9 /* Build configuration list for PBXProject "Landmarks" */ = {
			isa = XCConfigurationList;
			buildConfigurations = (
				83251CD4296517A600FFCBA9 /* Debug */,
				83251CD5296517A600FFCBA9 /* Release */,
			);
			defaultConfigurationIsVisible = 0;
			defaultConfigurationName = Release;
		};
		83251CD6296517A600FFCBA9 /* Build configuration list for PBXNativeTarget "Landmarks" */ = {
			isa = XCConfigurationList;
			buildConfigurations = (
				83251CD7296517A600FFCBA9 /* Debug */,
				83251CD8296517A600FFCBA9 /* Release */,
			);
			defaultConfigurationIsVisible = 0;
			defaultConfigurationName = Release;
		};
/* End XCConfigurationList section */
	};
	rootObject = 83251CC0296517A500FFCBA9 /* Project object */;
}
